{
  "version": 4,
  "terraform_version": "1.7.2",
  "serial": 58,
  "lineage": "b738e7b6-63bc-7ea9-65a2-9f9f07bfd0ea",
  "outputs": {},
  "resources": [
    {
      "module": "module.modules_azure",
      "mode": "managed",
      "type": "azurerm_resource_group",
      "name": "ncpl-rg",
      "provider": "module.modules_azure.provider[\"registry.terraform.io/hashicorp/azurerm\"]",
      "instances": [
        {
          "schema_version": 0,
          "attributes": {
            "id": "/subscriptions/6df52711-2b2b-4fb7-833c-4aba985ab436/resourceGroups/ncpl-rg",
            "location": "eastus",
            "managed_by": "",
            "name": "ncpl-rg",
            "tags": null,
            "timeouts": null
          },
          "sensitive_attributes": [],
          "private": "eyJlMmJmYjczMC1lY2FhLTExZTYtOGY4OC0zNDM2M2JjN2M0YzAiOnsiY3JlYXRlIjo1NDAwMDAwMDAwMDAwLCJkZWxldGUiOjU0MDAwMDAwMDAwMDAsInJlYWQiOjMwMDAwMDAwMDAwMCwidXBkYXRlIjo1NDAwMDAwMDAwMDAwfX0="
        }
      ]
    },
    {
      "module": "module.modules_azure",
      "mode": "managed",
      "type": "azurerm_subnet",
      "name": "ncpl-subnet",
      "provider": "module.modules_azure.provider[\"registry.terraform.io/hashicorp/azurerm\"]",
      "instances": [
        {
          "schema_version": 0,
          "attributes": {
            "address_prefixes": [
              "10.1.0.0/16"
            ],
            "delegation": [],
            "enforce_private_link_endpoint_network_policies": false,
            "enforce_private_link_service_network_policies": false,
            "id": "/subscriptions/6df52711-2b2b-4fb7-833c-4aba985ab436/resourceGroups/ncpl-rg/providers/Microsoft.Network/virtualNetworks/ncpl-vn/subnets/ncpl-Subnet",
            "name": "ncpl-Subnet",
            "private_endpoint_network_policies_enabled": true,
            "private_link_service_network_policies_enabled": true,
            "resource_group_name": "ncpl-rg",
            "service_endpoint_policy_ids": null,
            "service_endpoints": null,
            "timeouts": null,
            "virtual_network_name": "ncpl-vn"
          },
          "sensitive_attributes": [],
          "private": "eyJlMmJmYjczMC1lY2FhLTExZTYtOGY4OC0zNDM2M2JjN2M0YzAiOnsiY3JlYXRlIjoxODAwMDAwMDAwMDAwLCJkZWxldGUiOjE4MDAwMDAwMDAwMDAsInJlYWQiOjMwMDAwMDAwMDAwMCwidXBkYXRlIjoxODAwMDAwMDAwMDAwfX0=",
          "dependencies": [
            "module.modules_azure.azurerm_resource_group.ncpl-rg",
            "module.modules_azure.azurerm_virtual_network.ncpl-vn"
          ]
        }
      ]
    },
    {
      "module": "module.modules_azure",
      "mode": "managed",
      "type": "azurerm_virtual_network",
      "name": "ncpl-vn",
      "provider": "module.modules_azure.provider[\"registry.terraform.io/hashicorp/azurerm\"]",
      "instances": [
        {
          "schema_version": 0,
          "attributes": {
            "address_space": [
              "10.0.0.0/8"
            ],
            "bgp_community": "",
            "ddos_protection_plan": [],
            "dns_servers": [],
            "edge_zone": "",
            "encryption": [],
            "flow_timeout_in_minutes": 0,
            "guid": "452b4678-cc17-437b-af20-d332d733272e",
            "id": "/subscriptions/6df52711-2b2b-4fb7-833c-4aba985ab436/resourceGroups/ncpl-rg/providers/Microsoft.Network/virtualNetworks/ncpl-vn",
            "location": "eastus",
            "name": "ncpl-vn",
            "resource_group_name": "ncpl-rg",
            "subnet": [],
            "tags": null,
            "timeouts": null
          },
          "sensitive_attributes": [],
          "private": "eyJlMmJmYjczMC1lY2FhLTExZTYtOGY4OC0zNDM2M2JjN2M0YzAiOnsiY3JlYXRlIjoxODAwMDAwMDAwMDAwLCJkZWxldGUiOjE4MDAwMDAwMDAwMDAsInJlYWQiOjMwMDAwMDAwMDAwMCwidXBkYXRlIjoxODAwMDAwMDAwMDAwfX0=",
          "dependencies": [
            "module.modules_azure.azurerm_resource_group.ncpl-rg"
          ]
        }
      ]
    }
  ],
  "check_results": null
}
